{
  "pins" : [
    {
      "identity" : "cwlcatchexception",
      "kind" : "remoteSourceControl",
      "location" : "https://github.com/mattgallagher/CwlCatchException.git",
      "state" : {
        "revision" : "35f9e770f54ce62dd8526470f14c6e137cef3eea",
        "version" : "2.1.1"
      }
    },
    {
      "identity" : "cwlpreconditiontesting",
      "kind" : "remoteSourceControl",
      "location" : "https://github.com/mattgallagher/CwlPreconditionTesting.git",
      "state" : {
        "revision" : "c21f7bab5ca8eee0a9998bbd17ca1d0eb45d4688",
        "version" : "2.1.0"
      }
    },
    {
      "identity" : "logger",
      "kind" : "remoteSourceControl",
      "location" : "https://github.com/f-meloni/Logger",
      "state" : {
        "revision" : "53c3ecca5abe8cf46697e33901ee774236d94cce",
        "version" : "0.2.3"
      }
    },
    {
      "identity" : "nimble",
      "kind" : "remoteSourceControl",
      "location" : "https://github.com/Quick/Nimble.git",
      "state" : {
        "revision" : "e491a6731307bb23783bf664d003be9b2fa59ab5",
        "version" : "9.0.0"
      }
    },
    {
      "identity" : "packageconfig",
      "kind" : "remoteSourceControl",
      "location" : "https://github.com/shibapm/PackageConfig.git",
      "state" : {
        "revision" : "fd0829aac9851434b3d2db0890e27bc489fc973a",
        "version" : "0.12.2"
      }
    },
    {
      "identity" : "quick",
      "kind" : "remoteSourceControl",
      "location" : "https://github.com/mukesh-mt/Quick.git",
      "state" : {
        "branch" : "mindtickle",
        "revision" : "c0e3bdc25dfe420e8e1f467b55681d9ca79a08e9"
      }
    },
    {
      "identity" : "rocket",
      "kind" : "remoteSourceControl",
      "location" : "https://github.com/shibapm/Rocket",
      "state" : {
        "revision" : "f75c9736733b489a3456b4f3a47cf13adb99f197",
        "version" : "0.9.2"
      }
    },
    {
      "identity" : "rxswift",
      "kind" : "remoteSourceControl",
      "location" : "https://github.com/ReactiveX/RxSwift.git",
      "state" : {
        "revision" : "c1bd31b397d87a54467af4161dde9d6b27720c19",
        "version" : "5.1.0"
      }
    },
    {
      "identity" : "swiftshell",
      "kind" : "remoteSourceControl",
      "location" : "https://github.com/kareman/SwiftShell",
      "state" : {
        "revision" : "beebe43c986d89ea5359ac3adcb42dac94e5e08a",
        "version" : "4.1.2"
      }
    },
    {
      "identity" : "yams",
      "kind" : "remoteSourceControl",
      "location" : "https://github.com/jpsim/Yams",
      "state" : {
        "revision" : "c947a306d2e80ecb2c0859047b35c73b8e1ca27f",
        "version" : "2.0.0"
      }
    }
  ],
  "version" : 2
}
